
Microsoft Visual Studio Solution File, Format Version 12.00
# Visual Studio 2013
VisualStudioVersion = 12.0.21005.1
MinimumVisualStudioVersion = 10.0.40219.1
Project("{FAE04EC0-301F-11D3-BF4B-00C04F79EFBC}") = "Analytics", "Analytics\Analytics.csproj", "{4E9B0DCF-85AB-47EB-864A-E0D997082550}"
EndProject
Project("{FAE04EC0-301F-11D3-BF4B-00C04F79EFBC}") = "Services", "Services\Services.csproj", "{E9341E20-85C9-404A-8161-B3D4799B64B6}"
EndProject
Project("{FAE04EC0-301F-11D3-BF4B-00C04F79EFBC}") = "Data", "Data\Data.csproj", "{E863A854-5FF6-49FD-89AE-AE979367ED59}"
EndProject
Project("{FAE04EC0-301F-11D3-BF4B-00C04F79EFBC}") = "Tests", "Tests\Tests.csproj", "{84A5A926-8D31-40F9-B85B-47E7AAD550B4}"
EndProject
Project("{FAE04EC0-301F-11D3-BF4B-00C04F79EFBC}") = "Providers", "Providers\Providers.csproj", "{416E6184-8663-423C-94F8-F6B32ADFC9B8}"
EndProject
Project("{FAE04EC0-301F-11D3-BF4B-00C04F79EFBC}") = "Scheduler", "Scheduler\Scheduler.csproj", "{74CCE89E-5BD0-4941-BDCF-7B60262FF27A}"
EndProject
Global
	GlobalSection(SolutionConfigurationPlatforms) = preSolution
		Debug|Any CPU = Debug|Any CPU
		Release|Any CPU = Release|Any CPU
	EndGlobalSection
	GlobalSection(ProjectConfigurationPlatforms) = postSolution
		{4E9B0DCF-85AB-47EB-864A-E0D997082550}.Debug|Any CPU.ActiveCfg = Debug|Any CPU
		{4E9B0DCF-85AB-47EB-864A-E0D997082550}.Debug|Any CPU.Build.0 = Debug|Any CPU
		{4E9B0DCF-85AB-47EB-864A-E0D997082550}.Release|Any CPU.ActiveCfg = Release|Any CPU
		{4E9B0DCF-85AB-47EB-864A-E0D997082550}.Release|Any CPU.Build.0 = Release|Any CPU
		{E9341E20-85C9-404A-8161-B3D4799B64B6}.Debug|Any CPU.ActiveCfg = Debug|Any CPU
		{E9341E20-85C9-404A-8161-B3D4799B64B6}.Debug|Any CPU.Build.0 = Debug|Any CPU
		{E9341E20-85C9-404A-8161-B3D4799B64B6}.Release|Any CPU.ActiveCfg = Release|Any CPU
		{E9341E20-85C9-404A-8161-B3D4799B64B6}.Release|Any CPU.Build.0 = Release|Any CPU
		{E863A854-5FF6-49FD-89AE-AE979367ED59}.Debug|Any CPU.ActiveCfg = Debug|Any CPU
		{E863A854-5FF6-49FD-89AE-AE979367ED59}.Debug|Any CPU.Build.0 = Debug|Any CPU
		{E863A854-5FF6-49FD-89AE-AE979367ED59}.Release|Any CPU.ActiveCfg = Release|Any CPU
		{E863A854-5FF6-49FD-89AE-AE979367ED59}.Release|Any CPU.Build.0 = Release|Any CPU
		{84A5A926-8D31-40F9-B85B-47E7AAD550B4}.Debug|Any CPU.ActiveCfg = Debug|Any CPU
		{84A5A926-8D31-40F9-B85B-47E7AAD550B4}.Debug|Any CPU.Build.0 = Debug|Any CPU
		{84A5A926-8D31-40F9-B85B-47E7AAD550B4}.Release|Any CPU.ActiveCfg = Release|Any CPU
		{84A5A926-8D31-40F9-B85B-47E7AAD550B4}.Release|Any CPU.Build.0 = Release|Any CPU
		{416E6184-8663-423C-94F8-F6B32ADFC9B8}.Debug|Any CPU.ActiveCfg = Debug|Any CPU
		{416E6184-8663-423C-94F8-F6B32ADFC9B8}.Debug|Any CPU.Build.0 = Debug|Any CPU
		{416E6184-8663-423C-94F8-F6B32ADFC9B8}.Release|Any CPU.ActiveCfg = Release|Any CPU
		{416E6184-8663-423C-94F8-F6B32ADFC9B8}.Release|Any CPU.Build.0 = Release|Any CPU
		{74CCE89E-5BD0-4941-BDCF-7B60262FF27A}.Debug|Any CPU.ActiveCfg = Debug|Any CPU
		{74CCE89E-5BD0-4941-BDCF-7B60262FF27A}.Debug|Any CPU.Build.0 = Debug|Any CPU
		{74CCE89E-5BD0-4941-BDCF-7B60262FF27A}.Release|Any CPU.ActiveCfg = Release|Any CPU
		{74CCE89E-5BD0-4941-BDCF-7B60262FF27A}.Release|Any CPU.Build.0 = Release|Any CPU
	EndGlobalSection
	GlobalSection(SolutionProperties) = preSolution
		HideSolutionNode = FALSE
	EndGlobalSection
EndGlobal
